
Microsoft Visual Studio Solution File, Format Version 12.00
# Visual Studio Version 16
VisualStudioVersion = 16.0.31313.79
MinimumVisualStudioVersion = 10.0.40219.1
Project("{FAE04EC0-301F-11D3-BF4B-00C04F79EFBC}") = "ProductReviewManagementLINQ", "ProductReviewManagementLINQ\ProductReviewManagementLINQ.csproj", "{4E1C2869-BE79-4A7F-8737-C105BF45BCAC}"
EndProject
Global
	GlobalSection(SolutionConfigurationPlatforms) = preSolution
		Debug|Any CPU = Debug|Any CPU
		Release|Any CPU = Release|Any CPU
	EndGlobalSection
	GlobalSection(ProjectConfigurationPlatforms) = postSolution
		{4E1C2869-BE79-4A7F-8737-C105BF45BCAC}.Debug|Any CPU.ActiveCfg = Debug|Any CPU
		{4E1C2869-BE79-4A7F-8737-C105BF45BCAC}.Debug|Any CPU.Build.0 = Debug|Any CPU
		{4E1C2869-BE79-4A7F-8737-C105BF45BCAC}.Release|Any CPU.ActiveCfg = Release|Any CPU
		{4E1C2869-BE79-4A7F-8737-C105BF45BCAC}.Release|Any CPU.Build.0 = Release|Any CPU
	EndGlobalSection
	GlobalSection(SolutionProperties) = preSolution
		HideSolutionNode = FALSE
	EndGlobalSection
	GlobalSection(ExtensibilityGlobals) = postSolution
		SolutionGuid = {869018E0-BA32-493F-ACB1-BC4878079908}
	EndGlobalSection
EndGlobal
